
Microsoft Visual Studio Solution File, Format Version 12.00
# Visual Studio Version 16
VisualStudioVersion = 16.0.30523.141
MinimumVisualStudioVersion = 10.0.40219.1
Project("{FAE04EC0-301F-11D3-BF4B-00C04F79EFBC}") = "Api", "Api\Api.csproj", "{A0C53264-B7A9-47E4-BE1B-21E60B30F1AD}"
EndProject
Project("{FAE04EC0-301F-11D3-BF4B-00C04F79EFBC}") = "ExternalApi", "ExternalApi\ExternalApi.csproj", "{D9A9905F-067B-473D-85A8-811AE0C062BA}"
EndProject
Global
	GlobalSection(SolutionConfigurationPlatforms) = preSolution
		Debug|Any CPU = Debug|Any CPU
		Release|Any CPU = Release|Any CPU
	EndGlobalSection
	GlobalSection(ProjectConfigurationPlatforms) = postSolution
		{A0C53264-B7A9-47E4-BE1B-21E60B30F1AD}.Debug|Any CPU.ActiveCfg = Debug|Any CPU
		{A0C53264-B7A9-47E4-BE1B-21E60B30F1AD}.Debug|Any CPU.Build.0 = Debug|Any CPU
		{A0C53264-B7A9-47E4-BE1B-21E60B30F1AD}.Release|Any CPU.ActiveCfg = Release|Any CPU
		{A0C53264-B7A9-47E4-BE1B-21E60B30F1AD}.Release|Any CPU.Build.0 = Release|Any CPU
		{D9A9905F-067B-473D-85A8-811AE0C062BA}.Debug|Any CPU.ActiveCfg = Debug|Any CPU
		{D9A9905F-067B-473D-85A8-811AE0C062BA}.Debug|Any CPU.Build.0 = Debug|Any CPU
		{D9A9905F-067B-473D-85A8-811AE0C062BA}.Release|Any CPU.ActiveCfg = Release|Any CPU
		{D9A9905F-067B-473D-85A8-811AE0C062BA}.Release|Any CPU.Build.0 = Release|Any CPU
	EndGlobalSection
	GlobalSection(SolutionProperties) = preSolution
		HideSolutionNode = FALSE
	EndGlobalSection
	GlobalSection(ExtensibilityGlobals) = postSolution
		SolutionGuid = {32F634F1-7F86-4C31-81F5-C7EF027CE898}
	EndGlobalSection
EndGlobal
